
Microsoft Visual Studio Solution File, Format Version 12.00
# Visual Studio Version 17
VisualStudioVersion = 17.13.35931.197
MinimumVisualStudioVersion = 10.0.40219.1
Project("{FAE04EC0-301F-11D3-BF4B-00C04F79EFBC}") = "PruebaTecnica", "PruebaTecnica\PruebaTecnica.csproj", "{D88295A0-01E1-43E2-8732-22D61A2A3D68}"
EndProject
Project("{FAE04EC0-301F-11D3-BF4B-00C04F79EFBC}") = "PruebaTecnicaModel", "PruebaTecnicaModel\PruebaTecnicaModel.csproj", "{ED395348-5FCE-4984-8050-AC66A5919EE4}"
EndProject
Project("{FAE04EC0-301F-11D3-BF4B-00C04F79EFBC}") = "PruebaTecnicaInfrastucture", "PruebaTecnicaInfrastucture\PruebaTecnicaInfrastucture.csproj", "{FF03C3FA-FB86-450B-9E06-53FCF1C3CB0C}"
EndProject
Project("{FAE04EC0-301F-11D3-BF4B-00C04F79EFBC}") = "PruebaTecnicaService", "PruebaTecnicaService\PruebaTecnicaService.csproj", "{E6CCB164-1955-4EB2-A68B-706578E3D5E6}"
EndProject
Project("{FAE04EC0-301F-11D3-BF4B-00C04F79EFBC}") = "PruebaTecnicaShared", "PruebaTecnicaShared\PruebaTecnicaShared.csproj", "{05B18699-7A76-5865-4989-BF810B385BEA}"
EndProject
Global
	GlobalSection(SolutionConfigurationPlatforms) = preSolution
		Debug|Any CPU = Debug|Any CPU
		Release|Any CPU = Release|Any CPU
	EndGlobalSection
	GlobalSection(ProjectConfigurationPlatforms) = postSolution
		{D88295A0-01E1-43E2-8732-22D61A2A3D68}.Debug|Any CPU.ActiveCfg = Debug|Any CPU
		{D88295A0-01E1-43E2-8732-22D61A2A3D68}.Debug|Any CPU.Build.0 = Debug|Any CPU
		{D88295A0-01E1-43E2-8732-22D61A2A3D68}.Release|Any CPU.ActiveCfg = Release|Any CPU
		{D88295A0-01E1-43E2-8732-22D61A2A3D68}.Release|Any CPU.Build.0 = Release|Any CPU
		{ED395348-5FCE-4984-8050-AC66A5919EE4}.Debug|Any CPU.ActiveCfg = Debug|Any CPU
		{ED395348-5FCE-4984-8050-AC66A5919EE4}.Debug|Any CPU.Build.0 = Debug|Any CPU
		{ED395348-5FCE-4984-8050-AC66A5919EE4}.Release|Any CPU.ActiveCfg = Release|Any CPU
		{ED395348-5FCE-4984-8050-AC66A5919EE4}.Release|Any CPU.Build.0 = Release|Any CPU
		{FF03C3FA-FB86-450B-9E06-53FCF1C3CB0C}.Debug|Any CPU.ActiveCfg = Debug|Any CPU
		{FF03C3FA-FB86-450B-9E06-53FCF1C3CB0C}.Debug|Any CPU.Build.0 = Debug|Any CPU
		{FF03C3FA-FB86-450B-9E06-53FCF1C3CB0C}.Release|Any CPU.ActiveCfg = Release|Any CPU
		{FF03C3FA-FB86-450B-9E06-53FCF1C3CB0C}.Release|Any CPU.Build.0 = Release|Any CPU
		{E6CCB164-1955-4EB2-A68B-706578E3D5E6}.Debug|Any CPU.ActiveCfg = Debug|Any CPU
		{E6CCB164-1955-4EB2-A68B-706578E3D5E6}.Debug|Any CPU.Build.0 = Debug|Any CPU
		{E6CCB164-1955-4EB2-A68B-706578E3D5E6}.Release|Any CPU.ActiveCfg = Release|Any CPU
		{E6CCB164-1955-4EB2-A68B-706578E3D5E6}.Release|Any CPU.Build.0 = Release|Any CPU
		{05B18699-7A76-5865-4989-BF810B385BEA}.Debug|Any CPU.ActiveCfg = Debug|Any CPU
		{05B18699-7A76-5865-4989-BF810B385BEA}.Debug|Any CPU.Build.0 = Debug|Any CPU
		{05B18699-7A76-5865-4989-BF810B385BEA}.Release|Any CPU.ActiveCfg = Release|Any CPU
		{05B18699-7A76-5865-4989-BF810B385BEA}.Release|Any CPU.Build.0 = Release|Any CPU
	EndGlobalSection
	GlobalSection(SolutionProperties) = preSolution
		HideSolutionNode = FALSE
	EndGlobalSection
	GlobalSection(ExtensibilityGlobals) = postSolution
		SolutionGuid = {5027402B-992D-49B1-B465-FF805176B701}
	EndGlobalSection
EndGlobal
